// !$*UTF8*$!
{
	archiveVersion = 1;
	classes = {
	};
	objectVersion = 77;
	objects = {

/* Begin PBXContainerItemProxy section */
		AB1D9BA62D32FB41003BEC31 /* PBXContainerItemProxy */ = {
			isa = PBXContainerItemProxy;
			containerPortal = AB1D9B8B2D32FB40003BEC31 /* Project object */;
			proxyType = 1;
			remoteGlobalIDString = AB1D9B922D32FB40003BEC31;
			remoteInfo = HealthAnalyst;
		};
		AB1D9BB02D32FB41003BEC31 /* PBXContainerItemProxy */ = {
			isa = PBXContainerItemProxy;
			containerPortal = AB1D9B8B2D32FB40003BEC31 /* Project object */;
			proxyType = 1;
			remoteGlobalIDString = AB1D9B922D32FB40003BEC31;
			remoteInfo = HealthAnalyst;
		};
/* End PBXContainerItemProxy section */

/* Begin PBXFileReference section */
		AB1D9B932D32FB40003BEC31 /* HealthAnalyst.app */ = {isa = PBXFileReference; explicitFileType = wrapper.application; includeInIndex = 0; path = HealthAnalyst.app; sourceTree = BUILT_PRODUCTS_DIR; };
		AB1D9BA52D32FB41003BEC31 /* HealthAnalystTests.xctest */ = {isa = PBXFileReference; explicitFileType = wrapper.cfbundle; includeInIndex = 0; path = HealthAnalystTests.xctest; sourceTree = BUILT_PRODUCTS_DIR; };
		AB1D9BAF2D32FB41003BEC31 /* HealthAnalystUITests.xctest */ = {isa = PBXFileReference; explicitFileType = wrapper.cfbundle; includeInIndex = 0; path = HealthAnalystUITests.xctest; sourceTree = BUILT_PRODUCTS_DIR; };
/* End PBXFileReference section */

/* Begin PBXFileSystemSynchronizedBuildFileExceptionSet section */
		AB1D9BCA2D337BD4003BEC31 /* Exceptions for "HealthAnalyst" folder in "HealthAnalyst" target */ = {
			isa = PBXFileSystemSynchronizedBuildFileExceptionSet;
			membershipExceptions = (
				Info.plist,
			);
			target = AB1D9B922D32FB40003BEC31 /* HealthAnalyst */;
		};
/* End PBXFileSystemSynchronizedBuildFileExceptionSet section */

/* Begin PBXFileSystemSynchronizedRootGroup section */
		AB1D9B952D32FB40003BEC31 /* HealthAnalyst */ = {
			isa = PBXFileSystemSynchronizedRootGroup;
			exceptions = (
				AB1D9BCA2D337BD4003BEC31 /* Exceptions for "HealthAnalyst" folder in "HealthAnalyst" target */,
			);
			path = HealthAnalyst;
			sourceTree = "<group>";
		};
		AB1D9BA82D32FB41003BEC31 /* HealthAnalystTests */ = {
			isa = PBXFileSystemSynchronizedRootGroup;
			path = HealthAnalystTests;
			sourceTree = "<group>";
		};
		AB1D9BB22D32FB41003BEC31 /* HealthAnalystUITests */ = {
			isa = PBXFileSystemSynchronizedRootGroup;
			path = HealthAnalystUITests;
			sourceTree = "<group>";
		};
/* End PBXFileSystemSynchronizedRootGroup section */

/* Begin PBXFrameworksBuildPhase section */
		AB1D9B902D32FB40003BEC31 /* Frameworks */ = {
			isa = PBXFrameworksBuildPhase;
			buildActionMask = 2147483647;
			files = (
			);
			runOnlyForDeploymentPostprocessing = 0;
		};
		AB1D9BA22D32FB41003BEC31 /* Frameworks */ = {
			isa = PBXFrameworksBuildPhase;
			buildActionMask = 2147483647;
			files = (
			);
			runOnlyForDeploymentPostprocessing = 0;
		};
		AB1D9BAC2D32FB41003BEC31 /* Frameworks */ = {
			isa = PBXFrameworksBuildPhase;
			buildActionMask = 2147483647;
			files = (
			);
			runOnlyForDeploymentPostprocessing = 0;
		};
/* End PBXFrameworksBuildPhase section */

/* Begin PBXGroup section */
		AB1D9B8A2D32FB40003BEC31 = {
			isa = PBXGroup;
			children = (
				AB1D9B952D32FB40003BEC31 /* HealthAnalyst */,
				AB1D9BA82D32FB41003BEC31 /* HealthAnalystTests */,
				AB1D9BB22D32FB41003BEC31 /* HealthAnalystUITests */,
				AB1D9B942D32FB40003BEC31 /* Products */,
			);
			sourceTree = "<group>";
		};
		AB1D9B942D32FB40003BEC31 /* Products */ = {
			isa = PBXGroup;
			children = (
				AB1D9B932D32FB40003BEC31 /* HealthAnalyst.app */,
				AB1D9BA52D32FB41003BEC31 /* HealthAnalystTests.xctest */,
				AB1D9BAF2D32FB41003BEC31 /* HealthAnalystUITests.xctest */,
			);
			name = Products;
			sourceTree = "<group>";
		};
/* End PBXGroup section */

/* Begin PBXNativeTarget section */
		AB1D9B922D32FB40003BEC31 /* HealthAnalyst */ = {
			isa = PBXNativeTarget;
			buildConfigurationList = AB1D9BB92D32FB41003BEC31 /* Build configuration list for PBXNativeTarget "HealthAnalyst" */;
			buildPhases = (
				AB1D9B8F2D32FB40003BEC31 /* Sources */,
				AB1D9B902D32FB40003BEC31 /* Frameworks */,
				AB1D9B912D32FB40003BEC31 /* Resources */,
			);
			buildRules = (
			);
			dependencies = (
			);
			fileSystemSynchronizedGroups = (
				AB1D9B952D32FB40003BEC31 /* HealthAnalyst */,
			);
			name = HealthAnalyst;
			packageProductDependencies = (
			);
			productName = HealthAnalyst;
			productReference = AB1D9B932D32FB40003BEC31 /* HealthAnalyst.app */;
			productType = "com.apple.product-type.application";
		};
		AB1D9BA42D32FB41003BEC31 /* HealthAnalystTests */ = {
			isa = PBXNativeTarget;
			buildConfigurationList = AB1D9BBC2D32FB41003BEC31 /* Build configuration list for PBXNativeTarget "HealthAnalystTests" */;
			buildPhases = (
				AB1D9BA12D32FB41003BEC31 /* Sources */,
				AB1D9BA22D32FB41003BEC31 /* Frameworks */,
				AB1D9BA32D32FB41003BEC31 /* Resources */,
			);
			buildRules = (
			);
			dependencies = (
				AB1D9BA72D32FB41003BEC31 /* PBXTargetDependency */,
			);
			fileSystemSynchronizedGroups = (
				AB1D9BA82D32FB41003BEC31 /* HealthAnalystTests */,
			);
			name = HealthAnalystTests;
			packageProductDependencies = (
			);
			productName = HealthAnalystTests;
			productReference = AB1D9BA52D32FB41003BEC31 /* HealthAnalystTests.xctest */;
			productType = "com.apple.product-type.bundle.unit-test";
		};
		AB1D9BAE2D32FB41003BEC31 /* HealthAnalystUITests */ = {
			isa = PBXNativeTarget;
			buildConfigurationList = AB1D9BBF2D32FB41003BEC31 /* Build configuration list for PBXNativeTarget "HealthAnalystUITests" */;
			buildPhases = (
				AB1D9BAB2D32FB41003BEC31 /* Sources */,
				AB1D9BAC2D32FB41003BEC31 /* Frameworks */,
				AB1D9BAD2D32FB41003BEC31 /* Resources */,
			);
			buildRules = (
			);
			dependencies = (
				AB1D9BB12D32FB41003BEC31 /* PBXTargetDependency */,
			);
			fileSystemSynchronizedGroups = (
				AB1D9BB22D32FB41003BEC31 /* HealthAnalystUITests */,
			);
			name = HealthAnalystUITests;
			packageProductDependencies = (
			);
			productName = HealthAnalystUITests;
			productReference = AB1D9BAF2D32FB41003BEC31 /* HealthAnalystUITests.xctest */;
			productType = "com.apple.product-type.bundle.ui-testing";
		};
/* End PBXNativeTarget section */

/* Begin PBXProject section */
		AB1D9B8B2D32FB40003BEC31 /* Project object */ = {
			isa = PBXProject;
			attributes = {
				BuildIndependentTargetsInParallel = 1;
				LastSwiftUpdateCheck = 1620;
				LastUpgradeCheck = 1620;
				TargetAttributes = {
					AB1D9B922D32FB40003BEC31 = {
						CreatedOnToolsVersion = 16.2;
					};
					AB1D9BA42D32FB41003BEC31 = {
						CreatedOnToolsVersion = 16.2;
						TestTargetID = AB1D9B922D32FB40003BEC31;
					};
					AB1D9BAE2D32FB41003BEC31 = {
						CreatedOnToolsVersion = 16.2;
						TestTargetID = AB1D9B922D32FB40003BEC31;
					};
				};
			};
			buildConfigurationList = AB1D9B8E2D32FB40003BEC31 /* Build configuration list for PBXProject "HealthAnalyst" */;
			developmentRegion = en;
			hasScannedForEncodings = 0;
			knownRegions = (
				en,
				Base,
			);
			mainGroup = AB1D9B8A2D32FB40003BEC31;
			minimizedProjectReferenceProxies = 1;
			preferredProjectObjectVersion = 77;
			productRefGroup = AB1D9B942D32FB40003BEC31 /* Products */;
			projectDirPath = "";
			projectRoot = "";
			targets = (
				AB1D9B922D32FB40003BEC31 /* HealthAnalyst */,
				AB1D9BA42D32FB41003BEC31 /* HealthAnalystTests */,
				AB1D9BAE2D32FB41003BEC31 /* HealthAnalystUITests */,
			);
		};
/* End PBXProject section */

/* Begin PBXResourcesBuildPhase section */
		AB1D9B912D32FB40003BEC31 /* Resources */ = {
			isa = PBXResourcesBuildPhase;
			buildActionMask = 2147483647;
			files = (
			);
			runOnlyForDeploymentPostprocessing = 0;
		};
		AB1D9BA32D32FB41003BEC31 /* Resources */ = {
			isa = PBXResourcesBuildPhase;
			buildActionMask = 2147483647;
			files = (
			);
			runOnlyForDeploymentPostprocessing = 0;
		};
		AB1D9BAD2D32FB41003BEC31 /* Resources */ = {
			isa = PBXResourcesBuildPhase;
			buildActionMask = 2147483647;
			files = (
			);
			runOnlyForDeploymentPostprocessing = 0;
		};
/* End PBXResourcesBuildPhase section */

/* Begin PBXSourcesBuildPhase section */
		AB1D9B8F2D32FB40003BEC31 /* Sources */ = {
			isa = PBXSourcesBuildPhase;
			buildActionMask = 2147483647;
			files = (
			);
			runOnlyForDeploymentPostprocessing = 0;
		};
		AB1D9BA12D32FB41003BEC31 /* Sources */ = {
			isa = PBXSourcesBuildPhase;
			buildActionMask = 2147483647;
			files = (
			);
			runOnlyForDeploymentPostprocessing = 0;
		};
		AB1D9BAB2D32FB41003BEC31 /* Sources */ = {
			isa = PBXSourcesBuildPhase;
			buildActionMask = 2147483647;
			files = (
			);
			runOnlyForDeploymentPostprocessing = 0;
		};
/* End PBXSourcesBuildPhase section */

/* Begin PBXTargetDependency section */
		AB1D9BA72D32FB41003BEC31 /* PBXTargetDependency */ = {
			isa = PBXTargetDependency;
			target = AB1D9B922D32FB40003BEC31 /* HealthAnalyst */;
			targetProxy = AB1D9BA62D32FB41003BEC31 /* PBXContainerItemProxy */;
		};
		AB1D9BB12D32FB41003BEC31 /* PBXTargetDependency */ = {
			isa = PBXTargetDependency;
			target = AB1D9B922D32FB40003BEC31 /* HealthAnalyst */;
			targetProxy = AB1D9BB02D32FB41003BEC31 /* PBXContainerItemProxy */;
		};
/* End PBXTargetDependency section */

/* Begin XCBuildConfiguration section */
		AB1D9BB72D32FB41003BEC31 /* Debug */ = {
			isa = XCBuildConfiguration;
			buildSettings = {
				ALWAYS_SEARCH_USER_PATHS = NO;
				ASSETCATALOG_COMPILER_GENERATE_SWIFT_ASSET_SYMBOL_EXTENSIONS = YES;
				CLANG_ANALYZER_NONNULL = YES;
				CLANG_ANALYZER_NUMBER_OBJECT_CONVERSION = YES_AGGRESSIVE;
				CLANG_CXX_LANGUAGE_STANDARD = "gnu++20";
				CLANG_ENABLE_MODULES = YES;
				CLANG_ENABLE_OBJC_ARC = YES;
				CLANG_ENABLE_OBJC_WEAK = YES;
				CLANG_WARN_BLOCK_CAPTURE_AUTORELEASING = YES;
				CLANG_WARN_BOOL_CONVERSION = YES;
				CLANG_WARN_COMMA = YES;
				CLANG_WARN_CONSTANT_CONVERSION = YES;
				CLANG_WARN_DEPRECATED_OBJC_IMPLEMENTATIONS = YES;
				CLANG_WARN_DIRECT_OBJC_ISA_USAGE = YES_ERROR;
				CLANG_WARN_DOCUMENTATION_COMMENTS = YES;
				CLANG_WARN_EMPTY_BODY = YES;
				CLANG_WARN_ENUM_CONVERSION = YES;
				CLANG_WARN_INFINITE_RECURSION = YES;
				CLANG_WARN_INT_CONVERSION = YES;
				CLANG_WARN_NON_LITERAL_NULL_CONVERSION = YES;
				CLANG_WARN_OBJC_IMPLICIT_RETAIN_SELF = YES;
				CLANG_WARN_OBJC_LITERAL_CONVERSION = YES;
				CLANG_WARN_OBJC_ROOT_CLASS = YES_ERROR;
				CLANG_WARN_QUOTED_INCLUDE_IN_FRAMEWORK_HEADER = YES;
				CLANG_WARN_RANGE_LOOP_ANALYSIS = YES;
				CLANG_WARN_STRICT_PROTOTYPES = YES;
				CLANG_WARN_SUSPICIOUS_MOVE = YES;
				CLANG_WARN_UNGUARDED_AVAILABILITY = YES_AGGRESSIVE;
				CLANG_WARN_UNREACHABLE_CODE = YES;
				CLANG_WARN__DUPLICATE_METHOD_MATCH = YES;
				COPY_PHASE_STRIP = NO;
				DEBUG_INFORMATION_FORMAT = dwarf;
				ENABLE_STRICT_OBJC_MSGSEND = YES;
				ENABLE_TESTABILITY = YES;
				ENABLE_USER_SCRIPT_SANDBOXING = YES;
				GCC_C_LANGUAGE_STANDARD = gnu17;
				GCC_DYNAMIC_NO_PIC = NO;
				GCC_NO_COMMON_BLOCKS = YES;
				GCC_OPTIMIZATION_LEVEL = 0;
				GCC_PREPROCESSOR_DEFINITIONS = (
					"DEBUG=1",
					"$(inherited)",
				);
				GCC_WARN_64_TO_32_BIT_CONVERSION = YES;
				GCC_WARN_ABOUT_RETURN_TYPE = YES_ERROR;
				GCC_WARN_UNDECLARED_SELECTOR = YES;
				GCC_WARN_UNINITIALIZED_AUTOS = YES_AGGRESSIVE;
				GCC_WARN_UNUSED_FUNCTION = YES;
				GCC_WARN_UNUSED_VARIABLE = YES;
				IPHONEOS_DEPLOYMENT_TARGET = 18.2;
				LOCALIZATION_PREFERS_STRING_CATALOGS = YES;
				MTL_ENABLE_DEBUG_INFO = INCLUDE_SOURCE;
				MTL_FAST_MATH = YES;
				ONLY_ACTIVE_ARCH = YES;
				SDKROOT = iphoneos;
				SWIFT_ACTIVE_COMPILATION_CONDITIONS = "DEBUG $(inherited)";
				SWIFT_OPTIMIZATION_LEVEL = "-Onone";
			};
			name = Debug;
		};
		AB1D9BB82D32FB41003BEC31 /* Release */ = {
			isa = XCBuildConfiguration;
			buildSettings = {
				ALWAYS_SEARCH_USER_PATHS = NO;
				ASSETCATALOG_COMPILER_GENERATE_SWIFT_ASSET_SYMBOL_EXTENSIONS = YES;
				CLANG_ANALYZER_NONNULL = YES;
				CLANG_ANALYZER_NUMBER_OBJECT_CONVERSION = YES_AGGRESSIVE;
				CLANG_CXX_LANGUAGE_STANDARD = "gnu++20";
				CLANG_ENABLE_MODULES = YES;
				CLANG_ENABLE_OBJC_ARC = YES;
				CLANG_ENABLE_OBJC_WEAK = YES;
				CLANG_WARN_BLOCK_CAPTURE_AUTORELEASING = YES;
				CLANG_WARN_BOOL_CONVERSION = YES;
				CLANG_WARN_COMMA = YES;
				CLANG_WARN_CONSTANT_CONVERSION = YES;
				CLANG_WARN_DEPRECATED_OBJC_IMPLEMENTATIONS = YES;
				CLANG_WARN_DIRECT_OBJC_ISA_USAGE = YES_ERROR;
				CLANG_WARN_DOCUMENTATION_COMMENTS = YES;
				CLANG_WARN_EMPTY_BODY = YES;
				CLANG_WARN_ENUM_CONVERSION = YES;
				CLANG_WARN_INFINITE_RECURSION = YES;
				CLANG_WARN_INT_CONVERSION = YES;
				CLANG_WARN_NON_LITERAL_NULL_CONVERSION = YES;
				CLANG_WARN_OBJC_IMPLICIT_RETAIN_SELF = YES;
				CLANG_WARN_OBJC_LITERAL_CONVERSION = YES;
				CLANG_WARN_OBJC_ROOT_CLASS = YES_ERROR;
				CLANG_WARN_QUOTED_INCLUDE_IN_FRAMEWORK_HEADER = YES;
				CLANG_WARN_RANGE_LOOP_ANALYSIS = YES;
				CLANG_WARN_STRICT_PROTOTYPES = YES;
				CLANG_WARN_SUSPICIOUS_MOVE = YES;
				CLANG_WARN_UNGUARDED_AVAILABILITY = YES_AGGRESSIVE;
				CLANG_WARN_UNREACHABLE_CODE = YES;
				CLANG_WARN__DUPLICATE_METHOD_MATCH = YES;
				COPY_PHASE_STRIP = NO;
				DEBUG_INFORMATION_FORMAT = "dwarf-with-dsym";
				ENABLE_NS_ASSERTIONS = NO;
				ENABLE_STRICT_OBJC_MSGSEND = YES;
				ENABLE_USER_SCRIPT_SANDBOXING = YES;
				GCC_C_LANGUAGE_STANDARD = gnu17;
				GCC_NO_COMMON_BLOCKS = YES;
				GCC_WARN_64_TO_32_BIT_CONVERSION = YES;
				GCC_WARN_ABOUT_RETURN_TYPE = YES_ERROR;
				GCC_WARN_UNDECLARED_SELECTOR = YES;
				GCC_WARN_UNINITIALIZED_AUTOS = YES_AGGRESSIVE;
				GCC_WARN_UNUSED_FUNCTION = YES;
				GCC_WARN_UNUSED_VARIABLE = YES;
				IPHONEOS_DEPLOYMENT_TARGET = 18.2;
				LOCALIZATION_PREFERS_STRING_CATALOGS = YES;
				MTL_ENABLE_DEBUG_INFO = NO;
				MTL_FAST_MATH = YES;
				SDKROOT = iphoneos;
				SWIFT_COMPILATION_MODE = wholemodule;
				VALIDATE_PRODUCT = YES;
			};
			name = Release;
		};
		AB1D9BBA2D32FB41003BEC31 /* Debug */ = {
			isa = XCBuildConfiguration;
			buildSettings = {
				ASSETCATALOG_COMPILER_APPICON_NAME = AppIcon;
				ASSETCATALOG_COMPILER_GLOBAL_ACCENT_COLOR_NAME = AccentColor;
				CODE_SIGN_ENTITLEMENTS = HealthAnalyst/HealthAnalyst.entitlements;
				CODE_SIGN_STYLE = Automatic;
				CURRENT_PROJECT_VERSION = 1;
				DEVELOPMENT_ASSET_PATHS = "\"HealthAnalyst/Preview Content\"";
				DEVELOPMENT_TEAM = 6QRVB25HW9;
				ENABLE_PREVIEWS = YES;
				GENERATE_INFOPLIST_FILE = YES;
				INFOPLIST_FILE = HealthAnalyst/Info.plist;
				INFOPLIST_KEY_CFBundleDisplayName = NoctiLabs;
				INFOPLIST_KEY_NSHealthShareUsageDescription = "We need to access your sleep data to display your sleep patterns and provide personalized insights.";
				INFOPLIST_KEY_UIApplicationSceneManifest_Generation = YES;
				INFOPLIST_KEY_UIApplicationSupportsIndirectInputEvents = YES;
				INFOPLIST_KEY_UILaunchScreen_Generation = YES;
				INFOPLIST_KEY_UISupportedInterfaceOrientations_iPad = "UIInterfaceOrientationPortrait UIInterfaceOrientationPortraitUpsideDown UIInterfaceOrientationLandscapeLeft UIInterfaceOrientationLandscapeRight";
				INFOPLIST_KEY_UISupportedInterfaceOrientations_iPhone = "UIInterfaceOrientationPortrait UIInterfaceOrientationLandscapeLeft UIInterfaceOrientationLandscapeRight";
				LD_RUNPATH_SEARCH_PATHS = (
					"$(inherited)",
					"@executable_path/Frameworks",
				);
				MARKETING_VERSION = 1.0;
				PRODUCT_BUNDLE_IDENTIFIER = JCM.HealthAnalyst;
				PRODUCT_NAME = "$(TARGET_NAME)";
				SWIFT_EMIT_LOC_STRINGS = YES;
				SWIFT_VERSION = 5.0;
				TARGETED_DEVICE_FAMILY = "1,2";
			};
			name = Debug;
		};
		AB1D9BBB2D32FB41003BEC31 /* Release */ = {
			isa = XCBuildConfiguration;
			buildSettings = {
				ASSETCATALOG_COMPILER_APPICON_NAME = AppIcon;
				ASSETCATALOG_COMPILER_GLOBAL_ACCENT_COLOR_NAME = AccentColor;
				CODE_SIGN_ENTITLEMENTS = HealthAnalyst/HealthAnalyst.entitlements;
				CODE_SIGN_STYLE = Automatic;
				CURRENT_PROJECT_VERSION = 1;
				DEVELOPMENT_ASSET_PATHS = "\"HealthAnalyst/Preview Content\"";
				DEVELOPMENT_TEAM = 6QRVB25HW9;
				ENABLE_PREVIEWS = YES;
				GENERATE_INFOPLIST_FILE = YES;
				INFOPLIST_FILE = HealthAnalyst/Info.plist;
				INFOPLIST_KEY_CFBundleDisplayName = NoctiLabs;
				INFOPLIST_KEY_NSHealthShareUsageDescription = "We need to access your sleep data to display your sleep patterns and provide personalized insights.";
				INFOPLIST_KEY_UIApplicationSceneManifest_Generation = YES;
				INFOPLIST_KEY_UIApplicationSupportsIndirectInputEvents = YES;
				INFOPLIST_KEY_UILaunchScreen_Generation = YES;
				INFOPLIST_KEY_UISupportedInterfaceOrientations_iPad = "UIInterfaceOrientationPortrait UIInterfaceOrientationPortraitUpsideDown UIInterfaceOrientationLandscapeLeft UIInterfaceOrientationLandscapeRight";
				INFOPLIST_KEY_UISupportedInterfaceOrientations_iPhone = "UIInterfaceOrientationPortrait UIInterfaceOrientationLandscapeLeft UIInterfaceOrientationLandscapeRight";
				LD_RUNPATH_SEARCH_PATHS = (
					"$(inherited)",
					"@executable_path/Frameworks",
				);
				MARKETING_VERSION = 1.0;
				PRODUCT_BUNDLE_IDENTIFIER = JCM.HealthAnalyst;
				PRODUCT_NAME = "$(TARGET_NAME)";
				SWIFT_EMIT_LOC_STRINGS = YES;
				SWIFT_VERSION = 5.0;
				TARGETED_DEVICE_FAMILY = "1,2";
			};
			name = Release;
		};
		AB1D9BBD2D32FB41003BEC31 /* Debug */ = {
			isa = XCBuildConfiguration;
			buildSettings = {
				BUNDLE_LOADER = "$(TEST_HOST)";
				CODE_SIGN_STYLE = Automatic;
				CURRENT_PROJECT_VERSION = 1;
				DEVELOPMENT_TEAM = 6QRVB25HW9;
				GENERATE_INFOPLIST_FILE = YES;
				IPHONEOS_DEPLOYMENT_TARGET = 18.2;
				MARKETING_VERSION = 1.0;
				PRODUCT_BUNDLE_IDENTIFIER = JCM.HealthAnalystTests;
				PRODUCT_NAME = "$(TARGET_NAME)";
				SWIFT_EMIT_LOC_STRINGS = NO;
				SWIFT_VERSION = 5.0;
				TARGETED_DEVICE_FAMILY = "1,2";
				TEST_HOST = "$(BUILT_PRODUCTS_DIR)/HealthAnalyst.app/$(BUNDLE_EXECUTABLE_FOLDER_PATH)/HealthAnalyst";
			};
			name = Debug;
		};
		AB1D9BBE2D32FB41003BEC31 /* Release */ = {
			isa = XCBuildConfiguration;
			buildSettings = {
				BUNDLE_LOADER = "$(TEST_HOST)";
				CODE_SIGN_STYLE = Automatic;
				CURRENT_PROJECT_VERSION = 1;
				DEVELOPMENT_TEAM = 6QRVB25HW9;
				GENERATE_INFOPLIST_FILE = YES;
				IPHONEOS_DEPLOYMENT_TARGET = 18.2;
				MARKETING_VERSION = 1.0;
				PRODUCT_BUNDLE_IDENTIFIER = JCM.HealthAnalystTests;
				PRODUCT_NAME = "$(TARGET_NAME)";
				SWIFT_EMIT_LOC_STRINGS = NO;
				SWIFT_VERSION = 5.0;
				TARGETED_DEVICE_FAMILY = "1,2";
				TEST_HOST = "$(BUILT_PRODUCTS_DIR)/HealthAnalyst.app/$(BUNDLE_EXECUTABLE_FOLDER_PATH)/HealthAnalyst";
			};
			name = Release;
		};
		AB1D9BC02D32FB41003BEC31 /* Debug */ = {
			isa = XCBuildConfiguration;
			buildSettings = {
				CODE_SIGN_STYLE = Automatic;
				CURRENT_PROJECT_VERSION = 1;
				DEVELOPMENT_TEAM = 6QRVB25HW9;
				GENERATE_INFOPLIST_FILE = YES;
				MARKETING_VERSION = 1.0;
				PRODUCT_BUNDLE_IDENTIFIER = JCM.HealthAnalystUITests;
				PRODUCT_NAME = "$(TARGET_NAME)";
				SWIFT_EMIT_LOC_STRINGS = NO;
				SWIFT_VERSION = 5.0;
				TARGETED_DEVICE_FAMILY = "1,2";
				TEST_TARGET_NAME = HealthAnalyst;
			};
			name = Debug;
		};
		AB1D9BC12D32FB41003BEC31 /* Release */ = {
			isa = XCBuildConfiguration;
			buildSettings = {
				CODE_SIGN_STYLE = Automatic;
				CURRENT_PROJECT_VERSION = 1;
				DEVELOPMENT_TEAM = 6QRVB25HW9;
				GENERATE_INFOPLIST_FILE = YES;
				MARKETING_VERSION = 1.0;
				PRODUCT_BUNDLE_IDENTIFIER = JCM.HealthAnalystUITests;
				PRODUCT_NAME = "$(TARGET_NAME)";
				SWIFT_EMIT_LOC_STRINGS = NO;
				SWIFT_VERSION = 5.0;
				TARGETED_DEVICE_FAMILY = "1,2";
				TEST_TARGET_NAME = HealthAnalyst;
			};
			name = Release;
		};
/* End XCBuildConfiguration section */

/* Begin XCConfigurationList section */
		AB1D9B8E2D32FB40003BEC31 /* Build configuration list for PBXProject "HealthAnalyst" */ = {
			isa = XCConfigurationList;
			buildConfigurations = (
				AB1D9BB72D32FB41003BEC31 /* Debug */,
				AB1D9BB82D32FB41003BEC31 /* Release */,
			);
			defaultConfigurationIsVisible = 0;
			defaultConfigurationName = Release;
		};
		AB1D9BB92D32FB41003BEC31 /* Build configuration list for PBXNativeTarget "HealthAnalyst" */ = {
			isa = XCConfigurationList;
			buildConfigurations = (
				AB1D9BBA2D32FB41003BEC31 /* Debug */,
				AB1D9BBB2D32FB41003BEC31 /* Release */,
			);
			defaultConfigurationIsVisible = 0;
			defaultConfigurationName = Release;
		};
		AB1D9BBC2D32FB41003BEC31 /* Build configuration list for PBXNativeTarget "HealthAnalystTests" */ = {
			isa = XCConfigurationList;
			buildConfigurations = (
				AB1D9BBD2D32FB41003BEC31 /* Debug */,
				AB1D9BBE2D32FB41003BEC31 /* Release */,
			);
			defaultConfigurationIsVisible = 0;
			defaultConfigurationName = Release;
		};
		AB1D9BBF2D32FB41003BEC31 /* Build configuration list for PBXNativeTarget "HealthAnalystUITests" */ = {
			isa = XCConfigurationList;
			buildConfigurations = (
				AB1D9BC02D32FB41003BEC31 /* Debug */,
				AB1D9BC12D32FB41003BEC31 /* Release */,
			);
			defaultConfigurationIsVisible = 0;
			defaultConfigurationName = Release;
		};
/* End XCConfigurationList section */
	};
	rootObject = AB1D9B8B2D32FB40003BEC31 /* Project object */;
}
